{
  "nodes": {
    "home-manager": {
      "inputs": {
        "nixpkgs": [
          "nixpkgs"
        ]
      },
      "locked": {
        "lastModified": 1791306979,
        "narHash": "sha256-KuLePuhwJM9NLt/gTLHzXaOoSZKGoB3m7NfXjiQ98HY=",
        "owner": "nix-community",
        "repo": "home-manager",
        "rev": "fae6e9e42c3b762ab47635cddcfaf6f52374a61b",
        "type": "github"
      },
      "original": {
        "owner": "nix-community",
        "repo": "home-manager",
        "type": "github"
      }
    },
    "kew": {
      "inputs": {
        "kew-src": "kew-src",
        "nixpkgs": [
          "nixpkgs"
        ]
      },
      "locked": {
        "lastModified": 1791315707,
        "narHash": "sha256-hpq63+R4KMHrTtzr+cn/vNH12QFA8+7whaWzUxknY7o=",
        "owner": "ravachol",
        "repo": "kew",
        "rev": "09589ccb3201f38cbd85c1c6d97dc979516ad160",
        "type": "github"
      },
      "original": {
        "owner": "ravachol",
        "repo": "kew",
        "type": "github"
      }
    },
    "kew-src": {
      "flake": false,
      "locked": {
        "lastModified": 1791315707,
        "narHash": "sha256-hpq63+R4KMHrTtzr+cn/vNH12QFA8+7whaWzUxknY7o=",
        "owner": "ravachol",
        "repo": "kew",
        "rev": "09589ccb3201f38cbd85c1c6d97dc979516ad160",
        "type": "github"
      },
      "original": {
        "owner": "ravachol",
        "repo": "kew",
        "type": "github"
      }
    },
    "local-pkgs": {
      "inputs": {
        "nixpkgs": [
          "nixpkgs"
        ]
      },
      "locked": {
        "path": "pkgs",
        "type": "path"
      },
      "original": {
        "path": "pkgs",
        "type": "path"
      },
      "parent": []
    },
    "nixpkgs": {
      "locked": {
        "lastModified": 1791260994,
        "narHash": "sha256-Miqqk/ammqnTUxaoCyvtwoPeLbI1ksFyLxi/CazZpWY=",
        "owner": "nixos",
        "repo": "nixpkgs",
        "rev": "151fa4e8ddfdd8dd25d945ad94ed54a13de9f6e4",
        "type": "github"
      },
      "original": {
        "owner": "nixos",
        "ref": "nixos-unstable",
        "repo": "nixpkgs",
        "type": "github"
      }
    },
    "nixpkgs-next": {
      "locked": {
        "lastModified": 1791260994,
        "narHash": "sha256-Miqqk/ammqnTUxaoCyvtwoPeLbI1ksFyLxi/CazZpWY=",
        "owner": "nixos",
        "repo": "nixpkgs",
        "rev": "151fa4e8ddfdd8dd25d945ad94ed54a13de9f6e4",
        "type": "github"
      },
      "original": {
        "owner": "nixos",
        "ref": "nixos-unstable",
        "repo": "nixpkgs",
        "type": "github"
      }
    },
    "nixpkgs-stable": {
      "locked": {
        "lastModified": 1791254437,
        "narHash": "sha256-qMSsgG+9tIdx282dMqGuJAUK3t6F36clM6efd0rXfes=",
        "owner": "nixos",
        "repo": "nixpkgs",
        "rev": "b25309931cfda5f0b8805f462a29897eeae50168",
        "type": "github"
      },
      "original": {
        "owner": "nixos",
        "ref": "nixos-26.05",
        "repo": "nixpkgs",
        "type": "github"
      }
    },
    "root": {
      "inputs": {
        "home-manager": "home-manager",
        "kew": "kew",
        "local-pkgs": "local-pkgs",
        "nixpkgs": "nixpkgs",
        "nixpkgs-next": "nixpkgs-next",
        "nixpkgs-stable": "nixpkgs-stable"
      }
    }
  },
  "root": "root",
  "version": 7
}
